[root]
name = "kernel"
version = "0.1.0"
dependencies = [
 "alloc_kernel 0.1.0",
 "bit_field 0.7.0 (registry+https://github.com/rust-lang/crates.io-index)",
 "bitflags 0.7.0 (registry+https://github.com/rust-lang/crates.io-index)",
 "lazy_static 0.2.2 (registry+https://github.com/rust-lang/crates.io-index)",
 "linked_list_allocator 0.2.3 (registry+https://github.com/rust-lang/crates.io-index)",
 "multiboot2 0.3.1 (registry+https://github.com/rust-lang/crates.io-index)",
 "once 0.3.2 (registry+https://github.com/rust-lang/crates.io-index)",
 "rlibc 1.0.0 (registry+https://github.com/rust-lang/crates.io-index)",
 "spin 0.4.5 (registry+https://github.com/rust-lang/crates.io-index)",
 "volatile 0.2.3 (registry+https://github.com/rust-lang/crates.io-index)",
 "x86 0.8.1 (registry+https://github.com/rust-lang/crates.io-index)",
]

[[package]]
name = "alloc_kernel"
version = "0.1.0"
dependencies = [
 "linked_list_allocator 0.2.3 (registry+https://github.com/rust-lang/crates.io-index)",
 "spin 0.4.5 (registry+https://github.com/rust-lang/crates.io-index)",
]

[[package]]
name = "bit_field"
version = "0.7.0"
source = "registry+https://github.com/rust-lang/crates.io-index"

[[package]]
name = "bitflags"
version = "0.4.0"
source = "registry+https://github.com/rust-lang/crates.io-index"

[[package]]
name = "bitflags"
version = "0.7.0"
source = "registry+https://github.com/rust-lang/crates.io-index"

[[package]]
name = "lazy_static"
version = "0.2.2"
source = "registry+https://github.com/rust-lang/crates.io-index"
dependencies = [
 "spin 0.4.5 (registry+https://github.com/rust-lang/crates.io-index)",
]

[[package]]
name = "linked_list_allocator"
version = "0.2.3"
source = "registry+https://github.com/rust-lang/crates.io-index"

[[package]]
name = "multiboot2"
version = "0.3.1"
source = "registry+https://github.com/rust-lang/crates.io-index"
dependencies = [
 "bitflags 0.4.0 (registry+https://github.com/rust-lang/crates.io-index)",
]

[[package]]
name = "once"
version = "0.3.2"
source = "registry+https://github.com/rust-lang/crates.io-index"

[[package]]
name = "raw-cpuid"
version = "2.0.1"
source = "registry+https://github.com/rust-lang/crates.io-index"

[[package]]
name = "rlibc"
version = "1.0.0"
source = "registry+https://github.com/rust-lang/crates.io-index"

[[package]]
name = "spin"
version = "0.4.5"
source = "registry+https://github.com/rust-lang/crates.io-index"

[[package]]
name = "volatile"
version = "0.2.3"
source = "registry+https://github.com/rust-lang/crates.io-index"

[[package]]
name = "x86"
version = "0.8.1"
source = "registry+https://github.com/rust-lang/crates.io-index"
dependencies = [
 "bitflags 0.7.0 (registry+https://github.com/rust-lang/crates.io-index)",
 "raw-cpuid 2.0.1 (registry+https://github.com/rust-lang/crates.io-index)",
]

[metadata]
"checksum bit_field 0.7.0 (registry+https://github.com/rust-lang/crates.io-index)" = "ff91a64014e1bc53bf643920f2c9ab5f0980d92a0948295f3ee550e9266849ad"
"checksum bitflags 0.4.0 (registry+https://github.com/rust-lang/crates.io-index)" = "8dead7461c1127cf637931a1e50934eb6eee8bff2f74433ac7909e9afcee04a3"
"checksum bitflags 0.7.0 (registry+https://github.com/rust-lang/crates.io-index)" = "aad18937a628ec6abcd26d1489012cc0e18c21798210f491af69ded9b881106d"
"checksum lazy_static 0.2.2 (registry+https://github.com/rust-lang/crates.io-index)" = "6abe0ee2e758cd6bc8a2cd56726359007748fbf4128da998b65d0b70f881e19b"
"checksum linked_list_allocator 0.2.3 (registry+https://github.com/rust-lang/crates.io-index)" = "3504327a5901bc4fb25ca095d67a6d3f48be4233dc08230f197b313736a13384"
"checksum multiboot2 0.3.1 (registry+https://github.com/rust-lang/crates.io-index)" = "88aedb52b616203e987bf9cd0c2779e281eefcfa23bd23dc9734f2dcf54079ad"
"checksum once 0.3.2 (registry+https://github.com/rust-lang/crates.io-index)" = "1ae5868dd493edd93941c182240a2c019dfe84c7d2de51d4659da32e58688ce9"
"checksum raw-cpuid 2.0.1 (registry+https://github.com/rust-lang/crates.io-index)" = "7bc8e963398e6244e1d51c42dd68394f273d39ed8afc9238b74f56041b23dbd3"
"checksum rlibc 1.0.0 (registry+https://github.com/rust-lang/crates.io-index)" = "fc874b127765f014d792f16763a81245ab80500e2ad921ed4ee9e82481ee08fe"
"checksum spin 0.4.5 (registry+https://github.com/rust-lang/crates.io-index)" = "1d16a26e2b789f86aabddbe91cb82ee2e822beb8a59840d631941b625ef77e53"
"checksum volatile 0.2.3 (registry+https://github.com/rust-lang/crates.io-index)" = "6633c5250f16598f92b48272265ce9f8179447f702f0ba0cb640c5be6537b0c0"
"checksum x86 0.8.1 (registry+https://github.com/rust-lang/crates.io-index)" = "ada1976e1004a0b5999beb7403541af96637e8f439b97d86c8c9abef2e0e7d19"
