[[package]]
name = "alloc_kernel"
version = "0.0.1"
dependencies = [
 "linked_list_allocator 0.4.2 (registry+https://github.com/rust-lang/crates.io-index)",
 "spin 0.4.6 (registry+https://github.com/rust-lang/crates.io-index)",
]

[[package]]
name = "bit_field"
version = "0.7.0"
source = "registry+https://github.com/rust-lang/crates.io-index"

[[package]]
name = "bitflags"
version = "0.4.0"
source = "registry+https://github.com/rust-lang/crates.io-index"

[[package]]
name = "bitflags"
version = "0.7.0"
source = "registry+https://github.com/rust-lang/crates.io-index"

[[package]]
name = "harddisk"
version = "0.1.0"
dependencies = [
 "kernel 0.0.1",
]

[[package]]
name = "kernel"
version = "0.0.1"
dependencies = [
 "alloc_kernel 0.0.1",
 "bit_field 0.7.0 (registry+https://github.com/rust-lang/crates.io-index)",
 "bitflags 0.7.0 (registry+https://github.com/rust-lang/crates.io-index)",
 "lazy_static 0.2.11 (registry+https://github.com/rust-lang/crates.io-index)",
 "linked_list_allocator 0.4.2 (registry+https://github.com/rust-lang/crates.io-index)",
 "multiboot2 0.3.2 (registry+https://github.com/rust-lang/crates.io-index)",
 "nom 3.2.1 (registry+https://github.com/rust-lang/crates.io-index)",
 "once 0.3.3 (registry+https://github.com/rust-lang/crates.io-index)",
 "rlibc 1.0.0 (registry+https://github.com/rust-lang/crates.io-index)",
 "spin 0.4.6 (registry+https://github.com/rust-lang/crates.io-index)",
 "tar-parser 0.5.0 (registry+https://github.com/rust-lang/crates.io-index)",
 "volatile 0.2.3 (registry+https://github.com/rust-lang/crates.io-index)",
 "x86 0.8.1 (registry+https://github.com/rust-lang/crates.io-index)",
]

[[package]]
name = "lazy_static"
version = "0.2.11"
source = "registry+https://github.com/rust-lang/crates.io-index"
dependencies = [
 "spin 0.4.6 (registry+https://github.com/rust-lang/crates.io-index)",
]

[[package]]
name = "linked_list_allocator"
version = "0.4.2"
source = "registry+https://github.com/rust-lang/crates.io-index"
dependencies = [
 "spin 0.4.6 (registry+https://github.com/rust-lang/crates.io-index)",
]

[[package]]
name = "memchr"
version = "1.0.2"
source = "registry+https://github.com/rust-lang/crates.io-index"

[[package]]
name = "multiboot2"
version = "0.3.2"
source = "registry+https://github.com/rust-lang/crates.io-index"
dependencies = [
 "bitflags 0.4.0 (registry+https://github.com/rust-lang/crates.io-index)",
]

[[package]]
name = "nom"
version = "3.2.1"
source = "git+https://github.com/iBelieve/nom?branch=feature/collections_to_alloc#b00ae86d78a8d6ff2549e83cba9f6ddb2677268b"
dependencies = [
 "memchr 1.0.2 (registry+https://github.com/rust-lang/crates.io-index)",
]

[[package]]
name = "nom"
version = "3.2.1"
source = "registry+https://github.com/rust-lang/crates.io-index"
replace = "nom 3.2.1 (git+https://github.com/iBelieve/nom?branch=feature/collections_to_alloc)"

[[package]]
name = "once"
version = "0.3.3"
source = "registry+https://github.com/rust-lang/crates.io-index"

[[package]]
name = "raw-cpuid"
version = "2.0.2"
source = "registry+https://github.com/rust-lang/crates.io-index"
dependencies = [
 "bitflags 0.7.0 (registry+https://github.com/rust-lang/crates.io-index)",
]

[[package]]
name = "rlibc"
version = "1.0.0"
source = "registry+https://github.com/rust-lang/crates.io-index"

[[package]]
name = "spin"
version = "0.4.6"
source = "registry+https://github.com/rust-lang/crates.io-index"

[[package]]
name = "tar-parser"
version = "0.5.0"
source = "git+https://github.com/iBelieve/tar-parser.rs?branch=feature/no_std#87f6d5cdbed979d8e7f7248dc8a34ac4a40af8c7"
dependencies = [
 "nom 3.2.1 (registry+https://github.com/rust-lang/crates.io-index)",
]

[[package]]
name = "tar-parser"
version = "0.5.0"
source = "registry+https://github.com/rust-lang/crates.io-index"
replace = "tar-parser 0.5.0 (git+https://github.com/iBelieve/tar-parser.rs?branch=feature/no_std)"

[[package]]
name = "volatile"
version = "0.2.3"
source = "registry+https://github.com/rust-lang/crates.io-index"

[[package]]
name = "x86"
version = "0.8.1"
source = "registry+https://github.com/rust-lang/crates.io-index"
dependencies = [
 "bitflags 0.7.0 (registry+https://github.com/rust-lang/crates.io-index)",
 "raw-cpuid 2.0.2 (registry+https://github.com/rust-lang/crates.io-index)",
]

[metadata]
"checksum bit_field 0.7.0 (registry+https://github.com/rust-lang/crates.io-index)" = "ff91a64014e1bc53bf643920f2c9ab5f0980d92a0948295f3ee550e9266849ad"
"checksum bitflags 0.4.0 (registry+https://github.com/rust-lang/crates.io-index)" = "8dead7461c1127cf637931a1e50934eb6eee8bff2f74433ac7909e9afcee04a3"
"checksum bitflags 0.7.0 (registry+https://github.com/rust-lang/crates.io-index)" = "aad18937a628ec6abcd26d1489012cc0e18c21798210f491af69ded9b881106d"
"checksum lazy_static 0.2.11 (registry+https://github.com/rust-lang/crates.io-index)" = "76f033c7ad61445c5b347c7382dd1237847eb1bce590fe50365dcb33d546be73"
"checksum linked_list_allocator 0.4.2 (registry+https://github.com/rust-lang/crates.io-index)" = "1d9b8a68289fdacb7242a519f3cf181a3394ebed3bd092ee07ffa2e5c2088afd"
"checksum memchr 1.0.2 (registry+https://github.com/rust-lang/crates.io-index)" = "148fab2e51b4f1cfc66da2a7c32981d1d3c083a803978268bb11fe4b86925e7a"
"checksum multiboot2 0.3.2 (registry+https://github.com/rust-lang/crates.io-index)" = "dcea5906310f2607ea39a42b8af0745dc487d7583db9d981142a63b538647f69"
"checksum nom 3.2.1 (git+https://github.com/iBelieve/nom?branch=feature/collections_to_alloc)" = "<none>"
"checksum nom 3.2.1 (registry+https://github.com/rust-lang/crates.io-index)" = "05aec50c70fd288702bcd93284a8444607f3292dbdf2a30de5ea5dcdbe72287b"
"checksum once 0.3.3 (registry+https://github.com/rust-lang/crates.io-index)" = "931fb7a4cf34610cf6cbe58d52a8ca5ef4c726d4e2e178abd0dc13a6551c6d73"
"checksum raw-cpuid 2.0.2 (registry+https://github.com/rust-lang/crates.io-index)" = "13b844e4049605ff38fed943f5c7b2c691fad68d9d5bf074d2720554c4e48246"
"checksum rlibc 1.0.0 (registry+https://github.com/rust-lang/crates.io-index)" = "fc874b127765f014d792f16763a81245ab80500e2ad921ed4ee9e82481ee08fe"
"checksum spin 0.4.6 (registry+https://github.com/rust-lang/crates.io-index)" = "7e4deb3c2455c73779e6d3eebceae9599fc70957e54c69fe88f93aa48e62f432"
"checksum tar-parser 0.5.0 (git+https://github.com/iBelieve/tar-parser.rs?branch=feature/no_std)" = "<none>"
"checksum tar-parser 0.5.0 (registry+https://github.com/rust-lang/crates.io-index)" = "52a311c2a709ec6de69f3d841d0cea2da1718f8525b9054704e229d152482bcf"
"checksum volatile 0.2.3 (registry+https://github.com/rust-lang/crates.io-index)" = "6633c5250f16598f92b48272265ce9f8179447f702f0ba0cb640c5be6537b0c0"
"checksum x86 0.8.1 (registry+https://github.com/rust-lang/crates.io-index)" = "ada1976e1004a0b5999beb7403541af96637e8f439b97d86c8c9abef2e0e7d19"
